<?xml version="1.0" encoding="utf-8"?>
<Project ToolsVersion="4.0" xmlns="http://schemas.microsoft.com/developer/msbuild/2003">
  <ItemGroup>
    <Filter Include="Source Files">
      <UniqueIdentifier>{4FC737F1-C7A5-4376-A066-2A32D752A2FF}</UniqueIdentifier>
      <Extensions>cpp;c;cc;cxx;def;odl;idl;hpj;bat;asm;asmx</Extensions>
    </Filter>
    <Filter Include="Header Files">
      <UniqueIdentifier>{93995380-89BD-4b04-88EB-625FBE52EBFB}</UniqueIdentifier>
      <Extensions>h;hh;hpp;hxx;hm;inl;inc;xsd</Extensions>
    </Filter>
    <Filter Include="Resource Files">
      <UniqueIdentifier>{67DA6AB6-F800-4c08-8B7A-83BB121AAD01}</UniqueIdentifier>
      <Extensions>rc;ico;cur;bmp;dlg;rc2;rct;bin;rgs;gif;jpg;jpeg;jpe;resx;tiff;tif;png;wav;mfcribbon-ms</Extensions>
    </Filter>
    <Filter Include="Source Files\Tree">
      <UniqueIdentifier>{f6b1dea4-545d-424d-88be-e4c9744d1d16}</UniqueIdentifier>
    </Filter>
    <Filter Include="Source Files\List">
      <UniqueIdentifier>{8d1f4d53-f8f9-44f7-b266-bf9af4666ac2}</UniqueIdentifier>
    </Filter>
    <Filter Include="Source Files\String">
      <UniqueIdentifier>{d4663687-36db-47ad-991e-7b35c0c66753}</UniqueIdentifier>
    </Filter>
    <Filter Include="Source Files\Array">
      <UniqueIdentifier>{1156e2c0-23a7-459f-b11e-cd4f828a2280}</UniqueIdentifier>
    </Filter>
    <Filter Include="Source Files\Math">
      <UniqueIdentifier>{e70e4675-3919-4a94-a1db-d7f81dc642d5}</UniqueIdentifier>
    </Filter>
    <Filter Include="Source Files\Bit Manipulation">
      <UniqueIdentifier>{20e5830a-1889-485e-b7ee-4d16aa1cf909}</UniqueIdentifier>
    </Filter>
    <Filter Include="Source Files\Array\Binary Search">
      <UniqueIdentifier>{efbf4d5c-2f4c-4412-8c6a-afb6f1357f33}</UniqueIdentifier>
    </Filter>
    <Filter Include="Source Files\Array\Greedy">
      <UniqueIdentifier>{541d03b6-d3c5-456d-b3c5-55676a30a2bf}</UniqueIdentifier>
    </Filter>
    <Filter Include="Source Files\Dynamic Programming">
      <UniqueIdentifier>{604167dd-35ad-49b3-93f1-c03bbf01ce60}</UniqueIdentifier>
    </Filter>
    <Filter Include="Source Files\Graph">
      <UniqueIdentifier>{5918e5b1-f699-4ba9-baa8-6c14d53d5058}</UniqueIdentifier>
    </Filter>
    <Filter Include="Source Files\Sort">
      <UniqueIdentifier>{97f1d314-2ed4-476a-9a70-abe087843d95}</UniqueIdentifier>
    </Filter>
    <Filter Include="Source Files\BackTracking">
      <UniqueIdentifier>{e32a49b2-5bc8-42d1-8949-53cdf6f64bf8}</UniqueIdentifier>
    </Filter>
    <Filter Include="Source Files\Tree\Sgement Tree">
      <UniqueIdentifier>{eb740623-69de-49df-bbee-c5b919e4749d}</UniqueIdentifier>
    </Filter>
    <Filter Include="Source Files\Tree\Binary Tree">
      <UniqueIdentifier>{48b1f58d-eb42-4a2c-a00e-2cfe5c288095}</UniqueIdentifier>
    </Filter>
    <Filter Include="Source Files\Union Find">
      <UniqueIdentifier>{4c76e611-b04e-4cbc-ba28-1b1147c66520}</UniqueIdentifier>
    </Filter>
    <Filter Include="Source Files\Tree\Binary Search Tree">
      <UniqueIdentifier>{8002fb0a-08c6-4cbf-8607-4035c1472ddd}</UniqueIdentifier>
    </Filter>
    <Filter Include="Source Files\Tree\Prefix Tree">
      <UniqueIdentifier>{1ed7e437-ad6a-40e0-80f9-64d77e47cede}</UniqueIdentifier>
    </Filter>
    <Filter Include="Source Files\Stack and Heap">
      <UniqueIdentifier>{57d04a17-aeaf-455e-926b-2a639cb319f9}</UniqueIdentifier>
    </Filter>
    <Filter Include="Source Files\Hash Table">
      <UniqueIdentifier>{93b8e298-3b75-4d59-85b1-543af580209a}</UniqueIdentifier>
    </Filter>
    <Filter Include="Source Files\Design">
      <UniqueIdentifier>{879ae4ce-ac0c-4357-a07e-f0c0cf7cfa00}</UniqueIdentifier>
    </Filter>
  </ItemGroup>
  <ItemGroup>
    <ClCompile Include="titileToNumber.cpp">
      <Filter>Source Files\Math</Filter>
    </ClCompile>
    <ClCompile Include="trailingZeroes.cpp">
      <Filter>Source Files\Math</Filter>
    </ClCompile>
    <ClCompile Include="strStr.cpp">
      <Filter>Source Files\String</Filter>
    </ClCompile>
    <ClCompile Include="candy.cpp">
      <Filter>Source Files\Array\Greedy</Filter>
    </ClCompile>
    <ClCompile Include="anagrams.cpp">
      <Filter>Source Files\String</Filter>
    </ClCompile>
    <ClCompile Include="romanToInt.cpp">
      <Filter>Source Files\String</Filter>
    </ClCompile>
    <ClCompile Include="convert.cpp">
      <Filter>Source Files\String</Filter>
    </ClCompile>
    <ClCompile Include="jump.cpp">
      <Filter>Source Files\Array\Greedy</Filter>
    </ClCompile>
    <ClCompile Include="minPathSum.cpp">
      <Filter>Source Files\Dynamic Programming</Filter>
    </ClCompile>
    <ClCompile Include="First Missing Positive.cpp">
      <Filter>Source Files\Array</Filter>
    </ClCompile>
    <ClCompile Include="Valid Sudokuk.cpp">
      <Filter>Source Files\Array</Filter>
    </ClCompile>
    <ClCompile Include="Maximal Square.cpp">
      <Filter>Source Files\Dynamic Programming</Filter>
    </ClCompile>
    <ClCompile Include="Minimum Size Subarray Sum.cpp">
      <Filter>Source Files\Array</Filter>
    </ClCompile>
    <ClCompile Include="Isomorphic Strings.cpp">
      <Filter>Source Files\String</Filter>
    </ClCompile>
    <ClCompile Include="Reverse Nodes in k-Group.cpp">
      <Filter>Source Files\List</Filter>
    </ClCompile>
    <ClCompile Include="Pow(x, n).cpp">
      <Filter>Source Files\Math</Filter>
    </ClCompile>
    <ClCompile Include="Majority Element.cpp">
      <Filter>Source Files\Array</Filter>
    </ClCompile>
    <ClCompile Include="Distinct Subsequences.cpp">
      <Filter>Source Files\Dynamic Programming</Filter>
    </ClCompile>
    <ClCompile Include="Edit Distance.cpp">
      <Filter>Source Files\Dynamic Programming</Filter>
    </ClCompile>
    <ClCompile Include="Interleaving String.cpp">
      <Filter>Source Files\Dynamic Programming</Filter>
    </ClCompile>
    <ClCompile Include="Minimum Window Substring.cpp">
      <Filter>Source Files\String</Filter>
    </ClCompile>
    <ClCompile Include="Triangle.cpp">
      <Filter>Source Files\Dynamic Programming</Filter>
    </ClCompile>
    <ClCompile Include="Course Schedule.cpp">
      <Filter>Source Files\Graph</Filter>
    </ClCompile>
    <ClCompile Include="Kth Largest Element in an Array.cpp">
      <Filter>Source Files\Array</Filter>
    </ClCompile>
    <ClCompile Include="Palindrome Partitioning II.cpp">
      <Filter>Source Files\Dynamic Programming</Filter>
    </ClCompile>
    <ClCompile Include="Bitwise AND of Numbers Range.cpp">
      <Filter>Source Files\Bit Manipulation</Filter>
    </ClCompile>
    <ClCompile Include="Reverse Bits.cpp">
      <Filter>Source Files\Bit Manipulation</Filter>
    </ClCompile>
    <ClCompile Include="Basic Calculator.cpp">
      <Filter>Source Files\Stack and Heap</Filter>
    </ClCompile>
    <ClCompile Include="Repeated DNA Sequences.cpp">
      <Filter>Source Files\Bit Manipulation</Filter>
    </ClCompile>
    <ClCompile Include="Implement Stack using Queues.cpp">
      <Filter>Source Files\Stack and Heap</Filter>
    </ClCompile>
    <ClCompile Include="Count Primes.cpp">
      <Filter>Source Files\Math</Filter>
    </ClCompile>
    <ClCompile Include="Rectangle Area.cpp">
      <Filter>Source Files\Math</Filter>
    </ClCompile>
    <ClCompile Include="Trapping Rain Water.cpp">
      <Filter>Source Files\Array</Filter>
    </ClCompile>
    <ClCompile Include="Fraction to Recurring Decimal.cpp">
      <Filter>Source Files\Math</Filter>
    </ClCompile>
    <ClCompile Include="Divide Two Integers.cpp">
      <Filter>Source Files\Math</Filter>
    </ClCompile>
    <ClCompile Include="LRU Cache.cpp">
      <Filter>Source Files\List</Filter>
    </ClCompile>
    <ClCompile Include="Sort List.cpp">
      <Filter>Source Files\Sort</Filter>
    </ClCompile>
    <ClCompile Include="Merge Intervals.cpp">
      <Filter>Source Files\Sort</Filter>
    </ClCompile>
    <ClCompile Include="Clone Graph.cpp">
      <Filter>Source Files\Graph</Filter>
    </ClCompile>
    <ClCompile Include="Maximum Gap.cpp">
      <Filter>Source Files\Sort</Filter>
    </ClCompile>
    <ClCompile Include="Simplify Path.cpp">
      <Filter>Source Files\String</Filter>
    </ClCompile>
    <ClCompile Include="Gray Code.cpp">
      <Filter>Source Files\Bit Manipulation</Filter>
    </ClCompile>
    <ClCompile Include="Generate Parentheses.cpp">
      <Filter>Source Files\BackTracking</Filter>
    </ClCompile>
    <ClCompile Include="Palindrome Partitioning.cpp">
      <Filter>Source Files\BackTracking</Filter>
    </ClCompile>
    <ClCompile Include="subsets.cpp">
      <Filter>Source Files\BackTracking</Filter>
    </ClCompile>
    <ClCompile Include="subsetsWithDup.cpp">
      <Filter>Source Files\BackTracking</Filter>
    </ClCompile>
    <ClCompile Include="N-Queens.cpp">
      <Filter>Source Files\BackTracking</Filter>
    </ClCompile>
    <ClCompile Include="N-Queens II.cpp">
      <Filter>Source Files\BackTracking</Filter>
    </ClCompile>
    <ClCompile Include="Permutation Sequence.cpp">
      <Filter>Source Files\BackTracking</Filter>
    </ClCompile>
    <ClCompile Include="Permutations.cpp">
      <Filter>Source Files\BackTracking</Filter>
    </ClCompile>
    <ClCompile Include="Sudoku Solver.cpp">
      <Filter>Source Files\BackTracking</Filter>
    </ClCompile>
    <ClCompile Include="Word Search.cpp">
      <Filter>Source Files\BackTracking</Filter>
    </ClCompile>
    <ClCompile Include="Word Ladder.cpp">
      <Filter>Source Files\BackTracking</Filter>
    </ClCompile>
    <ClCompile Include="Word Ladder II.cpp">
      <Filter>Source Files\BackTracking</Filter>
    </ClCompile>
    <ClCompile Include="Valid Number.cpp">
      <Filter>Source Files\String</Filter>
    </ClCompile>
    <ClCompile Include="Integer to Roman.cpp">
      <Filter>Source Files\Math</Filter>
    </ClCompile>
    <ClCompile Include="Max Points on a Line.cpp">
      <Filter>Source Files\Math</Filter>
    </ClCompile>
    <ClCompile Include="Text Justification.cpp">
      <Filter>Source Files\String</Filter>
    </ClCompile>
    <ClCompile Include="ZigZag Conversion.cpp">
      <Filter>Source Files\String</Filter>
    </ClCompile>
    <ClCompile Include="Largest Rectangle in Histogram.cpp">
      <Filter>Source Files\Stack and Heap</Filter>
    </ClCompile>
    <ClCompile Include="Summary Ranges.cpp">
      <Filter>Source Files\Array</Filter>
    </ClCompile>
    <ClCompile Include="Power of Two.cpp">
      <Filter>Source Files\Bit Manipulation</Filter>
    </ClCompile>
    <ClCompile Include="Palindrome Linked List.cpp">
      <Filter>Source Files\List</Filter>
    </ClCompile>
    <ClCompile Include="Sliding Window Maximum.cpp">
      <Filter>Source Files\Array</Filter>
    </ClCompile>
    <ClCompile Include="Maximum Product Subarray.cpp">
      <Filter>Source Files\Dynamic Programming</Filter>
    </ClCompile>
    <ClCompile Include="Maximum Subarray.cpp">
      <Filter>Source Files\Dynamic Programming</Filter>
    </ClCompile>
    <ClCompile Include="Missing Number.cpp">
      <Filter>Source Files\Array</Filter>
    </ClCompile>
    <ClCompile Include="H-Index.cpp">
      <Filter>Source Files\Array</Filter>
    </ClCompile>
    <ClCompile Include="Product of Array Except Self.cpp">
      <Filter>Source Files\Array</Filter>
    </ClCompile>
    <ClCompile Include="Ugly Number.cpp">
      <Filter>Source Files\Array</Filter>
    </ClCompile>
    <ClCompile Include="Perfect Squares.cpp">
      <Filter>Source Files\Dynamic Programming</Filter>
    </ClCompile>
    <ClCompile Include="First Bad Version.cpp">
      <Filter>Source Files\Array\Binary Search</Filter>
    </ClCompile>
    <ClCompile Include="Word Search II.cpp">
      <Filter>Source Files\BackTracking</Filter>
    </ClCompile>
    <ClCompile Include="Move Zeroes.cpp">
      <Filter>Source Files\Array</Filter>
    </ClCompile>
    <ClCompile Include="Decode Ways.cpp">
      <Filter>Source Files\Dynamic Programming</Filter>
    </ClCompile>
    <ClCompile Include="Endianness.cpp">
      <Filter>Source Files\Bit Manipulation</Filter>
    </ClCompile>
    <ClCompile Include="Number of 1 Bits.cpp">
      <Filter>Source Files\Bit Manipulation</Filter>
    </ClCompile>
    <ClCompile Include="Add Binary.cpp">
      <Filter>Source Files\String</Filter>
    </ClCompile>
    <ClCompile Include="Flowing Water.cpp">
      <Filter>Source Files\BackTracking</Filter>
    </ClCompile>
    <ClCompile Include="Is Sparse.cpp">
      <Filter>Source Files\Bit Manipulation</Filter>
    </ClCompile>
    <ClCompile Include="Smallest Character.cpp">
      <Filter>Source Files\Array\Binary Search</Filter>
    </ClCompile>
    <ClCompile Include="Word Pattern.cpp">
      <Filter>Source Files\Array</Filter>
    </ClCompile>
    <ClCompile Include="Surrounded Regions.cpp">
      <Filter>Source Files\Array</Filter>
    </ClCompile>
    <ClCompile Include="Find Median from Data Stream.cpp">
      <Filter>Source Files\Array</Filter>
    </ClCompile>
    <ClCompile Include="Find the Duplicate Number.cpp">
      <Filter>Source Files\Array\Binary Search</Filter>
    </ClCompile>
    <ClCompile Include="Backpack.cpp">
      <Filter>Source Files\Dynamic Programming</Filter>
    </ClCompile>
    <ClCompile Include="Different Ways to Add Parentheses.cpp">
      <Filter>Source Files\BackTracking</Filter>
    </ClCompile>
    <ClCompile Include="Expression Add Operators.cpp">
      <Filter>Source Files\BackTracking</Filter>
    </ClCompile>
    <ClCompile Include="Longest Increasing Subsequence.cpp">
      <Filter>Source Files\Dynamic Programming</Filter>
    </ClCompile>
    <ClCompile Include="Walls and Gates.cpp">
      <Filter>Source Files\Array</Filter>
    </ClCompile>
    <ClCompile Include="3Sum Smaller.cpp">
      <Filter>Source Files\Array</Filter>
    </ClCompile>
    <ClCompile Include="Best Meeting Point.cpp">
      <Filter>Source Files\Array</Filter>
    </ClCompile>
    <ClCompile Include="Meeting Rooms.cpp">
      <Filter>Source Files\Array</Filter>
    </ClCompile>
    <ClCompile Include="Remove Invalid Parentheses.cpp">
      <Filter>Source Files\String</Filter>
    </ClCompile>
    <ClCompile Include="Shortest Word Distance.cpp">
      <Filter>Source Files\Array</Filter>
    </ClCompile>
    <ClCompile Include="Strobogrammatic Number.cpp">
      <Filter>Source Files\Array</Filter>
    </ClCompile>
    <ClCompile Include="Minimum Height Trees.cpp">
      <Filter>Source Files\Graph</Filter>
    </ClCompile>
    <ClCompile Include="Maximum Product of Word Lengths.cpp">
      <Filter>Source Files\Bit Manipulation</Filter>
    </ClCompile>
    <ClCompile Include="Bulb Switcher.cpp">
      <Filter>Source Files\Math</Filter>
    </ClCompile>
    <ClCompile Include="Remove Duplicate Letters.cpp">
      <Filter>Source Files\Array\Greedy</Filter>
    </ClCompile>
    <ClCompile Include="Maximal Rectangle.cpp">
      <Filter>Source Files\Stack and Heap</Filter>
    </ClCompile>
    <ClCompile Include="Coin Change.cpp">
      <Filter>Source Files\Dynamic Programming</Filter>
    </ClCompile>
    <ClCompile Include="Create Maximum Number.cpp">
      <Filter>Source Files\Dynamic Programming</Filter>
    </ClCompile>
    <ClCompile Include="Game of Life.cpp">
      <Filter>Source Files\Array</Filter>
    </ClCompile>
    <ClCompile Include="Minimum Subarray.cpp">
      <Filter>Source Files\Dynamic Programming</Filter>
    </ClCompile>
    <ClCompile Include="Continuous Subarray Sum.cpp">
      <Filter>Source Files\Array</Filter>
    </ClCompile>
    <ClCompile Include="Subarray Sum Closest.cpp">
      <Filter>Source Files\Sort</Filter>
    </ClCompile>
    <ClCompile Include="Fast Power.cpp">
      <Filter>Source Files\Math</Filter>
    </ClCompile>
    <ClCompile Include="Binary Representation.cpp">
      <Filter>Source Files\String</Filter>
    </ClCompile>
    <ClCompile Include="Segment Tree Build.cpp">
      <Filter>Source Files\Tree\Sgement Tree</Filter>
    </ClCompile>
    <ClCompile Include="Segment Tree Modify.cpp">
      <Filter>Source Files\Tree\Sgement Tree</Filter>
    </ClCompile>
    <ClCompile Include="Segment Tree Query.cpp">
      <Filter>Source Files\Tree\Sgement Tree</Filter>
    </ClCompile>
    <ClCompile Include="Interval Minimum Number.cpp">
      <Filter>Source Files\Tree\Sgement Tree</Filter>
    </ClCompile>
    <ClCompile Include="Interval Sum II.cpp">
      <Filter>Source Files\Tree\Sgement Tree</Filter>
    </ClCompile>
    <ClCompile Include="Count of Smaller Number.cpp">
      <Filter>Source Files\Tree\Sgement Tree</Filter>
    </ClCompile>
    <ClCompile Include="Count of Smaller Number before itself.cpp">
      <Filter>Source Files\Tree\Sgement Tree</Filter>
    </ClCompile>
    <ClCompile Include="Count of Smaller Numbers After Self.cpp">
      <Filter>Source Files\Tree\Sgement Tree</Filter>
    </ClCompile>
    <ClCompile Include="Graph Valid Tree.cpp">
      <Filter>Source Files\Union Find</Filter>
    </ClCompile>
    <ClCompile Include="Binary Tree Paths.cpp">
      <Filter>Source Files\Tree\Binary Tree</Filter>
    </ClCompile>
    <ClCompile Include="Interval Sum.cpp">
      <Filter>Source Files\Tree\Sgement Tree</Filter>
    </ClCompile>
    <ClCompile Include="Range Sum Query 2D - Immutable.cpp">
      <Filter>Source Files\Tree\Sgement Tree</Filter>
    </ClCompile>
    <ClCompile Include="Power of Three.cpp">
      <Filter>Source Files\Math</Filter>
    </ClCompile>
    <ClCompile Include="Nim Game.cpp">
      <Filter>Source Files\Math</Filter>
    </ClCompile>
    <ClCompile Include="Flip Game.cpp">
      <Filter>Source Files\Math</Filter>
    </ClCompile>
    <ClCompile Include="Number of Connected Components in an Undirected Graph.cpp">
      <Filter>Source Files\Union Find</Filter>
    </ClCompile>
    <ClCompile Include="Generalized Abbreviation.cpp">
      <Filter>Source Files\BackTracking</Filter>
    </ClCompile>
    <ClCompile Include="Shortest Distance from All Buildings.cpp">
      <Filter>Source Files\Array</Filter>
    </ClCompile>
    <ClCompile Include="Binary Tree Vertical Order Traversal.cpp">
      <Filter>Source Files\Tree\Binary Tree</Filter>
    </ClCompile>
    <ClCompile Include="Smallest Rectangle Enclosing Black Pixels.cpp">
      <Filter>Source Files\Array</Filter>
    </ClCompile>
    <ClCompile Include="Binary Tree Longest Consecutive Sequence.cpp">
      <Filter>Source Files\Tree\Binary Tree</Filter>
    </ClCompile>
    <ClCompile Include="Alien Dictionary.cpp">
      <Filter>Source Files\Graph</Filter>
    </ClCompile>
    <ClCompile Include="Coins in a Line.cpp">
      <Filter>Source Files\Math</Filter>
    </ClCompile>
    <ClCompile Include="A + B Problem.cpp">
      <Filter>Source Files\Bit Manipulation</Filter>
    </ClCompile>
    <ClCompile Include="Wiggle Sort.cpp">
      <Filter>Source Files\Sort</Filter>
    </ClCompile>
    <ClCompile Include="Find the Celebrity.cpp">
      <Filter>Source Files\Array</Filter>
    </ClCompile>
    <ClCompile Include="Paint Fence.cpp">
      <Filter>Source Files\Dynamic Programming</Filter>
    </ClCompile>
    <ClCompile Include="Encode and Decode Strings.cpp">
      <Filter>Source Files\String</Filter>
    </ClCompile>
    <ClCompile Include="Closest Binary Search Tree Value.cpp">
      <Filter>Source Files\Tree\Binary Search Tree</Filter>
    </ClCompile>
    <ClCompile Include="Binary Search Tree Iterator.cpp">
      <Filter>Source Files\Tree\Binary Search Tree</Filter>
    </ClCompile>
    <ClCompile Include="Binary Tree Maximum Path Sum.cpp">
      <Filter>Source Files\Tree\Binary Tree</Filter>
    </ClCompile>
    <ClCompile Include="Binary Tree Right Side View.cpp">
      <Filter>Source Files\Tree\Binary Tree</Filter>
    </ClCompile>
    <ClCompile Include="Convert Binary Search Tree to Doubly Linked List.cpp">
      <Filter>Source Files\Tree\Binary Search Tree</Filter>
    </ClCompile>
    <ClCompile Include="Count Complete Tree Nodes.cpp">
      <Filter>Source Files\Tree\Binary Tree</Filter>
    </ClCompile>
    <ClCompile Include="Inorder Successor in BST.cpp">
      <Filter>Source Files\Tree\Binary Search Tree</Filter>
    </ClCompile>
    <ClCompile Include="Invert Binary Tree.cpp">
      <Filter>Source Files\Tree\Binary Tree</Filter>
    </ClCompile>
    <ClCompile Include="Kth Smallest Element in a BST.cpp">
      <Filter>Source Files\Tree\Binary Search Tree</Filter>
    </ClCompile>
    <ClCompile Include="Lowest Common Ancestor of a Binary Search Tree.cpp">
      <Filter>Source Files\Tree\Binary Search Tree</Filter>
    </ClCompile>
    <ClCompile Include="numTrees.cpp">
      <Filter>Source Files\Tree\Binary Search Tree</Filter>
    </ClCompile>
    <ClCompile Include="Recover Binary Search Tree.cpp">
      <Filter>Source Files\Tree\Binary Search Tree</Filter>
    </ClCompile>
    <ClCompile Include="Implement Trie (Prefix Tree).cpp">
      <Filter>Source Files\Tree\Prefix Tree</Filter>
    </ClCompile>
    <ClCompile Include="Add and Search Word - Data structure design.cpp">
      <Filter>Source Files\Tree\Prefix Tree</Filter>
    </ClCompile>
    <ClCompile Include="Number of Islands.cpp">
      <Filter>Source Files\Union Find</Filter>
    </ClCompile>
    <ClCompile Include="Zigzag Iterator.cpp">
      <Filter>Source Files\Array</Filter>
    </ClCompile>
    <ClCompile Include="Binary Tree Upside Down.cpp">
      <Filter>Source Files\Tree\Binary Tree</Filter>
    </ClCompile>
    <ClCompile Include="Reverse Words in a String.cpp">
      <Filter>Source Files\String</Filter>
    </ClCompile>
    <ClCompile Include="Factor Combinations.cpp">
      <Filter>Source Files\BackTracking</Filter>
    </ClCompile>
    <ClCompile Include="Verify Preorder Sequence in Binary Search Tree.cpp">
      <Filter>Source Files\Tree\Binary Search Tree</Filter>
    </ClCompile>
    <ClCompile Include="Paint House.cpp">
      <Filter>Source Files\Dynamic Programming</Filter>
    </ClCompile>
    <ClCompile Include="Palindrome Permutation.cpp">
      <Filter>Source Files\String</Filter>
    </ClCompile>
    <ClCompile Include="Count Univalue Subtrees.cpp">
      <Filter>Source Files\Tree\Binary Tree</Filter>
    </ClCompile>
    <ClCompile Include="Missing Ranges.cpp">
      <Filter>Source Files\Array</Filter>
    </ClCompile>
    <ClCompile Include="One Edit Distanc.cpp">
      <Filter>Source Files\String</Filter>
    </ClCompile>
    <ClCompile Include="Read N Characters Given Read4.cpp">
      <Filter>Source Files\String</Filter>
    </ClCompile>
    <ClCompile Include="Group Shifted Strings.cpp">
      <Filter>Source Files\String</Filter>
    </ClCompile>
    <ClCompile Include="Dungeon Game.cpp">
      <Filter>Source Files\Dynamic Programming</Filter>
    </ClCompile>
    <ClCompile Include="Odd Even Linked List.cpp">
      <Filter>Source Files\List</Filter>
    </ClCompile>
    <ClCompile Include="Count of Range Sum.cpp">
      <Filter>Source Files\Tree\Sgement Tree</Filter>
    </ClCompile>
    <ClCompile Include="Longest Increasing Path in a Matrix.cpp">
      <Filter>Source Files\Array</Filter>
    </ClCompile>
    <ClCompile Include="Implement Queue using Stacks.cpp">
      <Filter>Source Files\Stack and Heap</Filter>
    </ClCompile>
    <ClCompile Include="Maximum Size Subarray Sum Equals k.cpp">
      <Filter>Source Files\Array</Filter>
    </ClCompile>
    <ClCompile Include="Verify Preorder Serialization of a Binary Tree.cpp">
      <Filter>Source Files\Tree\Binary Tree</Filter>
    </ClCompile>
    <ClCompile Include="Reconstruct Itinerary.cpp">
      <Filter>Source Files\Graph</Filter>
    </ClCompile>
    <ClCompile Include="Maximum Subarray Difference.cpp">
      <Filter>Source Files\Array</Filter>
    </ClCompile>
    <ClCompile Include="k Sum II.cpp">
      <Filter>Source Files\BackTracking</Filter>
    </ClCompile>
    <ClCompile Include="Copy Books.cpp">
      <Filter>Source Files\Dynamic Programming</Filter>
    </ClCompile>
    <ClCompile Include="K Sum.cpp">
      <Filter>Source Files\Dynamic Programming</Filter>
    </ClCompile>
    <ClCompile Include="Power of Four.cpp">
      <Filter>Source Files\Math</Filter>
    </ClCompile>
    <ClCompile Include="Find K Pairs with Smallest Sums.cpp">
      <Filter>Source Files\Stack and Heap</Filter>
    </ClCompile>
    <ClCompile Include="Plus One Linked List.cpp">
      <Filter>Source Files\List</Filter>
    </ClCompile>
    <ClCompile Include="Guess Number Higher or Lower.cpp">
      <Filter>Source Files\Dynamic Programming</Filter>
    </ClCompile>
    <ClCompile Include="Design Hit Counter.cpp">
      <Filter>Source Files\Design</Filter>
    </ClCompile>
    <ClCompile Include="Logger Rate Limiter.cpp">
      <Filter>Source Files\Design</Filter>
    </ClCompile>
    <ClCompile Include="Line Reflection.cpp">
      <Filter>Source Files\Math</Filter>
    </ClCompile>
    <ClCompile Include="Intersection of Two Arrays.cpp">
      <Filter>Source Files\Sort</Filter>
    </ClCompile>
    <ClCompile Include="Shape Factory.cpp">
      <Filter>Source Files\Design</Filter>
    </ClCompile>
    <ClCompile Include="Find Leaves of Binary Tree.cpp">
      <Filter>Source Files\Tree\Binary Tree</Filter>
    </ClCompile>
    <ClCompile Include="Nested List Weight Sum.cpp">
      <Filter>Source Files\List</Filter>
    </ClCompile>
    <ClCompile Include="Top K Frequent Elements.cpp">
      <Filter>Source Files\Stack and Heap</Filter>
    </ClCompile>
    <ClCompile Include="Largest BST Subtree.cpp">
      <Filter>Source Files\Tree\Binary Search Tree</Filter>
    </ClCompile>
    <ClCompile Include="Moving Average from Data Stream.cpp">
      <Filter>Source Files\Stack and Heap</Filter>
    </ClCompile>
    <ClCompile Include="Flatten Nested List Iterator.cpp">
      <Filter>Source Files\List</Filter>
    </ClCompile>
    <ClCompile Include="Russian Doll Envelopes.cpp">
      <Filter>Source Files\Dynamic Programming</Filter>
    </ClCompile>
    <ClCompile Include="Kth Smallest Element in a Sorted Matrix.cpp">
      <Filter>Source Files\Stack and Heap</Filter>
    </ClCompile>
    <ClCompile Include="Combination Sum IV.cpp">
      <Filter>Source Files\BackTracking</Filter>
    </ClCompile>
    <ClCompile Include="Shuffle an Array.cpp">
      <Filter>Source Files\Array</Filter>
    </ClCompile>
    <ClCompile Include="Insert Delete GetRandom O(1).cpp">
      <Filter>Source Files\Design</Filter>
    </ClCompile>
    <ClCompile Include="Insert Delete GetRandom O(1) - Duplicates allowed.cpp">
      <Filter>Source Files\Design</Filter>
    </ClCompile>
    <ClCompile Include="Design Tic-Tac-Toe.cpp">
      <Filter>Source Files\Design</Filter>
    </ClCompile>
    <ClCompile Include="Unique Word Abbreviation.cpp">
      <Filter>Source Files\Hash Table</Filter>
    </ClCompile>
    <ClCompile Include="Longest Substring with At Most K Distinct Characters.cpp">
      <Filter>Source Files\Hash Table</Filter>
    </ClCompile>
    <ClCompile Include="Longest Substring with At Most Two Distinct Characters.cpp">
      <Filter>Source Files\Hash Table</Filter>
    </ClCompile>
    <ClCompile Include="Flatten 2D Vector.cpp">
      <Filter>Source Files\Design</Filter>
    </ClCompile>
    <ClCompile Include="Android Unlock Patterns.cpp">
      <Filter>Source Files</Filter>
    </ClCompile>
    <ClCompile Include="Additive Number.cpp">
      <Filter>Source Files\BackTracking</Filter>
    </ClCompile>
    <ClCompile Include="Best Time to Buy and Sell Stock.cpp">
      <Filter>Source Files\Dynamic Programming</Filter>
    </ClCompile>
    <ClCompile Include="Largest Divisible Subset.cpp">
      <Filter>Source Files\Dynamic Programming</Filter>
    </ClCompile>
    <ClCompile Include="Counting Bits.cpp">
      <Filter>Source Files\Bit Manipulation</Filter>
    </ClCompile>
    <ClCompile Include="Longest Increasing Continuous Subsequence.cpp">
      <Filter>Source Files\Array</Filter>
    </ClCompile>
    <ClCompile Include="Reorder array to construct the minimum numbere.cpp">
      <Filter>Source Files\Sort</Filter>
    </ClCompile>
    <ClCompile Include="Gas Station.cpp">
      <Filter>Source Files\Array\Greedy</Filter>
    </ClCompile>
    <ClCompile Include="Combination Sum.cpp">
      <Filter>Source Files\BackTracking</Filter>
    </ClCompile>
    <ClCompile Include="Combination Sum II.cpp">
      <Filter>Source Files\BackTracking</Filter>
    </ClCompile>
    <ClCompile Include="Combination Sum III.cpp">
      <Filter>Source Files\BackTracking</Filter>
    </ClCompile>
    <ClCompile Include="House Robber.cpp">
      <Filter>Source Files\Dynamic Programming</Filter>
    </ClCompile>
    <ClCompile Include="Search Insert Position.cpp">
      <Filter>Source Files\Array\Binary Search</Filter>
    </ClCompile>
    <ClCompile Include="Populating Next Right Pointers in Each Node.cpp">
      <Filter>Source Files\Tree\Binary Tree</Filter>
    </ClCompile>
    <ClCompile Include="Search a 2D Matrix.cpp">
      <Filter>Source Files\Array</Filter>
    </ClCompile>
    <ClCompile Include="Sort Colors.cpp">
      <Filter>Source Files\Sort</Filter>
    </ClCompile>
    <ClCompile Include="Peeking Iterator.cpp">
      <Filter>Source Files\Design</Filter>
    </ClCompile>
    <ClCompile Include="Patching Array.cpp">
      <Filter>Source Files\Array\Greedy</Filter>
    </ClCompile>
    <ClCompile Include="Serialize and Deserialize Binary Tree.cpp">
      <Filter>Source Files\Tree\Binary Tree</Filter>
    </ClCompile>
    <ClCompile Include="Find Minimum in Rotated Sorted Array.cpp">
      <Filter>Source Files\Array\Binary Search</Filter>
    </ClCompile>
    <ClCompile Include="Longest Consecutive Sequence.cpp">
      <Filter>Source Files\Array</Filter>
    </ClCompile>
    <ClCompile Include="Search in Rotated Sorted Array.cpp">
      <Filter>Source Files\Array\Binary Search</Filter>
    </ClCompile>
    <ClCompile Include="Spiral Matrix.cpp">
      <Filter>Source Files\Array</Filter>
    </ClCompile>
    <ClCompile Include="Find Peak Element.cpp">
      <Filter>Source Files\Array</Filter>
    </ClCompile>
    <ClCompile Include="Set Matrix Zeroes.cpp">
      <Filter>Source Files\Array</Filter>
    </ClCompile>
    <ClCompile Include="Flatten Binary Tree to Linked List.cpp">
      <Filter>Source Files\Tree\Binary Tree</Filter>
    </ClCompile>
    <ClCompile Include="Convert Sorted List to Binary Search Tree.cpp">
      <Filter>Source Files\Tree\Binary Search Tree</Filter>
    </ClCompile>
    <ClCompile Include="Linked List Cycle.cpp">
      <Filter>Source Files\List</Filter>
    </ClCompile>
    <ClCompile Include="Search for a Range.cpp">
      <Filter>Source Files\Array\Binary Search</Filter>
    </ClCompile>
    <ClCompile Include="Lowest Common Ancestor of a Binary Tree.cpp">
      <Filter>Source Files\Tree\Binary Tree</Filter>
    </ClCompile>
    <ClCompile Include="Jump Game.cpp">
      <Filter>Source Files\Array\Greedy</Filter>
    </ClCompile>
    <ClCompile Include="Evaluate Reverse Polish Notation.cpp">
      <Filter>Source Files\Stack and Heap</Filter>
    </ClCompile>
    <ClCompile Include="Multiply Strings.cpp">
      <Filter>Source Files\String</Filter>
    </ClCompile>
    <ClCompile Include="Contains Duplicate.cpp">
      <Filter>Source Files\Array</Filter>
    </ClCompile>
    <ClCompile Include="Wildcard Matching.cpp">
      <Filter>Source Files\Dynamic Programming</Filter>
    </ClCompile>
    <ClCompile Include="Regular Expression Matching.cpp">
      <Filter>Source Files\Dynamic Programming</Filter>
    </ClCompile>
    <ClCompile Include="Median of Two Sorted Arrays.cpp">
      <Filter>Source Files\Array\Binary Search</Filter>
    </ClCompile>
    <ClCompile Include="4Sum.cpp">
      <Filter>Source Files\Array</Filter>
    </ClCompile>
    <ClCompile Include="Pascal%27s Triangle.cpp">
      <Filter>Source Files\Array</Filter>
    </ClCompile>
    <ClCompile Include="Merge Sorted Array.cpp">
      <Filter>Source Files\Array</Filter>
    </ClCompile>
    <ClCompile Include="Next Permutation.cpp">
      <Filter>Source Files\Array</Filter>
    </ClCompile>
    <ClCompile Include="Plus One.cpp">
      <Filter>Source Files\Array</Filter>
    </ClCompile>
    <ClCompile Include="Remove Duplicates from Sorted Array.cpp">
      <Filter>Source Files\Array</Filter>
    </ClCompile>
    <ClCompile Include="Remove Element.cpp">
      <Filter>Source Files\Array</Filter>
    </ClCompile>
    <ClCompile Include="Rotate Image.cpp">
      <Filter>Source Files\Array</Filter>
    </ClCompile>
    <ClCompile Include="Rotate Array.cpp">
      <Filter>Source Files\Array</Filter>
    </ClCompile>
    <ClCompile Include="3Sum.cpp">
      <Filter>Source Files\Array</Filter>
    </ClCompile>
    <ClCompile Include="3Sum Closest.cpp">
      <Filter>Source Files\Array</Filter>
    </ClCompile>
    <ClCompile Include="Two Sum.cpp">
      <Filter>Source Files\Array</Filter>
    </ClCompile>
    <ClCompile Include="Combinations.cpp">
      <Filter>Source Files\BackTracking</Filter>
    </ClCompile>
    <ClCompile Include="Palindrome Pairs.cpp">
      <Filter>Source Files\String</Filter>
    </ClCompile>
    <ClCompile Include="Largest Number.cpp">
      <Filter>Source Files\Sort</Filter>
    </ClCompile>
    <ClCompile Include="Insertion Sort List.cpp">
      <Filter>Source Files\Sort</Filter>
    </ClCompile>
    <ClCompile Include="Insert Interval.cpp">
      <Filter>Source Files\Sort</Filter>
    </ClCompile>
    <ClCompile Include="Happy Number.cpp">
      <Filter>Source Files\Math</Filter>
    </ClCompile>
    <ClCompile Include="Palindrome Number.cpp">
      <Filter>Source Files\Math</Filter>
    </ClCompile>
    <ClCompile Include="Reverse Integer.cpp">
      <Filter>Source Files\Math</Filter>
    </ClCompile>
    <ClCompile Include="Sqrt%28x%29.cpp">
      <Filter>Source Files\Math</Filter>
    </ClCompile>
    <ClCompile Include="Add Two Numbers.cpp">
      <Filter>Source Files\List</Filter>
    </ClCompile>
    <ClCompile Include="Copy List with Random Pointer.cpp">
      <Filter>Source Files\List</Filter>
    </ClCompile>
    <ClCompile Include="Remove Duplicates from Sorted List.cpp">
      <Filter>Source Files\List</Filter>
    </ClCompile>
    <ClCompile Include="Intersection of Two Linked Lists.cpp">
      <Filter>Source Files\List</Filter>
    </ClCompile>
    <ClCompile Include="Merge k Sorted Lists.cpp">
      <Filter>Source Files\List</Filter>
    </ClCompile>
    <ClCompile Include="Merge Two Sorted Lists.cpp">
      <Filter>Source Files\List</Filter>
    </ClCompile>
    <ClCompile Include="Partition List.cpp">
      <Filter>Source Files\List</Filter>
    </ClCompile>
    <ClCompile Include="Remove Linked List Elements.cpp">
      <Filter>Source Files\List</Filter>
    </ClCompile>
    <ClCompile Include="Remove Nth Node From End of List.cpp">
      <Filter>Source Files\List</Filter>
    </ClCompile>
    <ClCompile Include="Reorder List.cpp">
      <Filter>Source Files\List</Filter>
    </ClCompile>
    <ClCompile Include="Reverse Linked List.cpp">
      <Filter>Source Files\List</Filter>
    </ClCompile>
    <ClCompile Include="Rotate List.cpp">
      <Filter>Source Files\List</Filter>
    </ClCompile>
    <ClCompile Include="Swap Nodes in Pairs.cpp">
      <Filter>Source Files\List</Filter>
    </ClCompile>
    <ClCompile Include="Climbing Stairs.cpp">
      <Filter>Source Files\Dynamic Programming</Filter>
    </ClCompile>
    <ClCompile Include="Swap Two Nodes in Linked List.cpp">
      <Filter>Source Files\List</Filter>
    </ClCompile>
    <ClCompile Include="Reverse Pairs.cpp">
      <Filter>Source Files\Sort</Filter>
    </ClCompile>
    <ClCompile Include="Dices Sum.cpp">
      <Filter>Source Files\Dynamic Programming</Filter>
    </ClCompile>
    <ClCompile Include="Min Stack.cpp">
      <Filter>Source Files\Stack and Heap</Filter>
    </ClCompile>
    <ClCompile Include="String to Integer %28atoi%29.cpp">
      <Filter>Source Files\String</Filter>
    </ClCompile>
    <ClCompile Include="Compare Version Numbers.cpp">
      <Filter>Source Files\String</Filter>
    </ClCompile>
    <ClCompile Include="Count and Say  .cpp">
      <Filter>Source Files\String</Filter>
    </ClCompile>
    <ClCompile Include="Substring with Concatenation of All Words.cpp">
      <Filter>Source Files\String</Filter>
    </ClCompile>
    <ClCompile Include="Valid Palindrome.cpp">
      <Filter>Source Files\String</Filter>
    </ClCompile>
    <ClCompile Include="Valid Parentheses.cpp">
      <Filter>Source Files\String</Filter>
    </ClCompile>
    <ClCompile Include="Length of Last Word  .cpp">
      <Filter>Source Files\String</Filter>
    </ClCompile>
    <ClCompile Include="Longest Substring Without Repeating Characters.cpp">
      <Filter>Source Files\String</Filter>
    </ClCompile>
    <ClCompile Include="Longest Common Prefix.cpp">
      <Filter>Source Files\String</Filter>
    </ClCompile>
    <ClCompile Include="Longest Palindromic Substring.cpp">
      <Filter>Source Files\String</Filter>
    </ClCompile>
    <ClCompile Include="Longest Valid Parentheses.cpp">
      <Filter>Source Files\String</Filter>
    </ClCompile>
    <ClCompile Include="Data Stream as Disjoint Intervals.cpp">
      <Filter>Source Files\Array</Filter>
    </ClCompile>
    <ClCompile Include="Mini Parser.cpp">
      <Filter>Source Files\Stack and Heap</Filter>
    </ClCompile>
    <ClCompile Include="Burst Balloons.cpp">
      <Filter>Source Files\Dynamic Programming</Filter>
    </ClCompile>
    <ClCompile Include="Convert Sorted Array to Binary Search Tree .cpp">
      <Filter>Source Files\Tree\Binary Search Tree</Filter>
    </ClCompile>
    <ClCompile Include="Path Sum.cpp">
      <Filter>Source Files\Tree\Binary Tree</Filter>
    </ClCompile>
    <ClCompile Include="Construct Binary Tree from Preorder and Inorder Traversal.cpp">
      <Filter>Source Files\Tree\Binary Tree</Filter>
    </ClCompile>
    <ClCompile Include="Construct Binary Tree from Inorder and Postorder Traversal.cpp">
      <Filter>Source Files\Tree\Binary Tree</Filter>
    </ClCompile>
    <ClCompile Include="Binary Tree Inorder Traversal.cpp">
      <Filter>Source Files\Tree\Binary Tree</Filter>
    </ClCompile>
    <ClCompile Include="Balanced Binary Tree.cpp">
      <Filter>Source Files\Tree\Binary Tree</Filter>
    </ClCompile>
    <ClCompile Include="Same Tree.cpp">
      <Filter>Source Files\Tree\Binary Tree</Filter>
    </ClCompile>
    <ClCompile Include="Symmetric Tree.cpp">
      <Filter>Source Files\Tree\Binary Tree</Filter>
    </ClCompile>
    <ClCompile Include="Binary Tree Postorder Traversal.cpp">
      <Filter>Source Files\Tree\Binary Tree</Filter>
    </ClCompile>
    <ClCompile Include="Binary Tree Preorder Traversal.cpp">
      <Filter>Source Files\Tree\Binary Tree</Filter>
    </ClCompile>
    <ClCompile Include="Binary Tree Level Order Traversal.cpp">
      <Filter>Source Files\Tree\Binary Tree</Filter>
    </ClCompile>
    <ClCompile Include="Maximum Depth of Binary Tree.cpp">
      <Filter>Source Files\Tree\Binary Tree</Filter>
    </ClCompile>
    <ClCompile Include="Minimum Depth of Binary Tree.cpp">
      <Filter>Source Files\Tree\Binary Tree</Filter>
    </ClCompile>
    <ClCompile Include="Binary Tree Zigzag Level Order Traversal.cpp">
      <Filter>Source Files\Tree\Binary Tree</Filter>
    </ClCompile>
    <ClCompile Include="Word Break.cpp">
      <Filter>Source Files\Dynamic Programming</Filter>
    </ClCompile>
    <ClCompile Include="Unique Paths.cpp">
      <Filter>Source Files\Dynamic Programming</Filter>
    </ClCompile>
    <ClCompile Include="Is Subsequence.cpp">
      <Filter>Source Files\String</Filter>
    </ClCompile>
    <ClCompile Include="Lexicographical Numbers.cpp">
      <Filter>Source Files\Math</Filter>
    </ClCompile>
    <ClCompile Include="Validate Binary Search Tree.cpp">
      <Filter>Source Files\Tree\Binary Search Tree</Filter>
    </ClCompile>
    <ClCompile Include="Previous Permutation.cpp">
      <Filter>Source Files\Array</Filter>
    </ClCompile>
    <ClCompile Include="Permutation Index.cpp">
      <Filter>Source Files\Array</Filter>
    </ClCompile>
    <ClCompile Include="Rotate Function.cpp">
      <Filter>Source Files\Array</Filter>
    </ClCompile>
    <ClCompile Include="Evaluate Division.cpp">
      <Filter>Source Files\Graph</Filter>
    </ClCompile>
    <ClCompile Include="Longest Absolute File Path.cpp">
      <Filter>Source Files\Stack and Heap</Filter>
    </ClCompile>
    <ClCompile Include="Decode String.cpp">
      <Filter>Source Files\Stack and Heap</Filter>
    </ClCompile>
    <ClCompile Include="Longest Substring with At Least K Repeating Characters.cpp">
      <Filter>Source Files\Hash Table</Filter>
    </ClCompile>
    <ClCompile Include="Convert a Number to Hexadecimal.cpp">
      <Filter>Source Files\Bit Manipulation</Filter>
    </ClCompile>
    <ClCompile Include="Remove K Digits.cpp">
      <Filter>Source Files\String</Filter>
    </ClCompile>
    <ClCompile Include="Binary Watch.cpp">
      <Filter>Source Files\Bit Manipulation</Filter>
    </ClCompile>
    <ClCompile Include="Range Addition.cpp">
      <Filter>Source Files\Array</Filter>
    </ClCompile>
    <ClCompile Include="Single Number.cpp">
      <Filter>Source Files\Bit Manipulation</Filter>
    </ClCompile>
    <ClCompile Include="Letter Combinations of a Phone Number.cpp">
      <Filter>Source Files\BackTracking</Filter>
    </ClCompile>
    <ClCompile Include="Valid Perfect Square.cpp">
      <Filter>Source Files\Array\Binary Search</Filter>
    </ClCompile>
    <ClCompile Include="Container With Most Water.cpp">
      <Filter>Source Files\Array</Filter>
    </ClCompile>
    <ClCompile Include="Wiggle Subsequence.cpp">
      <Filter>Source Files\Array\Greedy</Filter>
    </ClCompile>
    <ClCompile Include="Sum Root to Leaf Numbers.cpp">
      <Filter>Source Files\Tree\Binary Tree</Filter>
    </ClCompile>
    <ClCompile Include="Longest Palindrome.cpp">
      <Filter>Source Files\Hash Table</Filter>
    </ClCompile>
    <ClCompile Include="Queue Reconstruction by Height.cpp">
      <Filter>Source Files\Array</Filter>
    </ClCompile>
    <ClCompile Include="Random Pick Index.cpp">
      <Filter>Source Files\Math</Filter>
    </ClCompile>
    <ClCompile Include="Restore IP Addresses.cpp">
      <Filter>Source Files\String</Filter>
    </ClCompile>
    <ClCompile Include="Split Array Largest Sum.cpp">
      <Filter>Source Files\Array\Binary Search</Filter>
    </ClCompile>
    <ClCompile Include="The Skyline Problem.cpp">
      <Filter>Source Files\Array</Filter>
    </ClCompile>
    <ClCompile Include="Reconstruct Original Digits from English.cpp">
      <Filter>Source Files\Math</Filter>
    </ClCompile>
    <ClCompile Include="Valid Word Square.cpp">
      <Filter>Source Files\String</Filter>
    </ClCompile>
    <ClCompile Include="Arithmetic Slices.cpp">
      <Filter>Source Files\Dynamic Programming</Filter>
    </ClCompile>
    <ClCompile Include="Add Strings.cpp">
      <Filter>Source Files\String</Filter>
    </ClCompile>
    <ClCompile Include="Partition Equal Subset Sum.cpp">
      <Filter>Source Files\Dynamic Programming</Filter>
    </ClCompile>
  </ItemGroup>
  <ItemGroup>
    <ClInclude Include="TreeNode.h">
      <Filter>Header Files</Filter>
    </ClInclude>
  </ItemGroup>
</Project>