<?xml version="1.0" encoding="utf-8"?>
<Project ToolsVersion="4.0" xmlns="http://schemas.microsoft.com/developer/msbuild/2003">
  <ItemGroup>
    <Filter Include="Source Files">
      <UniqueIdentifier>{4FC737F1-C7A5-4376-A066-2A32D752A2FF}</UniqueIdentifier>
      <Extensions>cpp;c;cc;cxx;def;odl;idl;hpj;bat;asm;asmx</Extensions>
    </Filter>
    <Filter Include="Header Files">
      <UniqueIdentifier>{93995380-89BD-4b04-88EB-625FBE52EBFB}</UniqueIdentifier>
      <Extensions>h;hh;hpp;hxx;hm;inl;inc;xsd</Extensions>
    </Filter>
    <Filter Include="Resource Files">
      <UniqueIdentifier>{67DA6AB6-F800-4c08-8B7A-83BB121AAD01}</UniqueIdentifier>
      <Extensions>rc;ico;cur;bmp;dlg;rc2;rct;bin;rgs;gif;jpg;jpeg;jpe;resx;tiff;tif;png;wav;mfcribbon-ms</Extensions>
    </Filter>
    <Filter Include="Source Files\Tree">
      <UniqueIdentifier>{f6b1dea4-545d-424d-88be-e4c9744d1d16}</UniqueIdentifier>
    </Filter>
    <Filter Include="Source Files\List">
      <UniqueIdentifier>{8d1f4d53-f8f9-44f7-b266-bf9af4666ac2}</UniqueIdentifier>
    </Filter>
    <Filter Include="Source Files\String">
      <UniqueIdentifier>{d4663687-36db-47ad-991e-7b35c0c66753}</UniqueIdentifier>
    </Filter>
    <Filter Include="Source Files\Array">
      <UniqueIdentifier>{1156e2c0-23a7-459f-b11e-cd4f828a2280}</UniqueIdentifier>
    </Filter>
    <Filter Include="Source Files\Math">
      <UniqueIdentifier>{e70e4675-3919-4a94-a1db-d7f81dc642d5}</UniqueIdentifier>
    </Filter>
    <Filter Include="Source Files\Bit Manipulation">
      <UniqueIdentifier>{20e5830a-1889-485e-b7ee-4d16aa1cf909}</UniqueIdentifier>
    </Filter>
    <Filter Include="Source Files\Array\Binary Search">
      <UniqueIdentifier>{efbf4d5c-2f4c-4412-8c6a-afb6f1357f33}</UniqueIdentifier>
    </Filter>
    <Filter Include="Source Files\Array\Greedy">
      <UniqueIdentifier>{541d03b6-d3c5-456d-b3c5-55676a30a2bf}</UniqueIdentifier>
    </Filter>
    <Filter Include="Source Files\Stack">
      <UniqueIdentifier>{57d04a17-aeaf-455e-926b-2a639cb319f9}</UniqueIdentifier>
    </Filter>
    <Filter Include="Source Files\Dynamic Programming">
      <UniqueIdentifier>{604167dd-35ad-49b3-93f1-c03bbf01ce60}</UniqueIdentifier>
    </Filter>
    <Filter Include="Source Files\Graph">
      <UniqueIdentifier>{5918e5b1-f699-4ba9-baa8-6c14d53d5058}</UniqueIdentifier>
    </Filter>
    <Filter Include="Source Files\Sort">
      <UniqueIdentifier>{97f1d314-2ed4-476a-9a70-abe087843d95}</UniqueIdentifier>
    </Filter>
    <Filter Include="Source Files\BackTracking">
      <UniqueIdentifier>{e32a49b2-5bc8-42d1-8949-53cdf6f64bf8}</UniqueIdentifier>
    </Filter>
  </ItemGroup>
  <ItemGroup>
    <ClCompile Include="isBalanced.cpp">
      <Filter>Source Files\Tree</Filter>
    </ClCompile>
    <ClCompile Include="isSameTree.cpp">
      <Filter>Source Files\Tree</Filter>
    </ClCompile>
    <ClCompile Include="isValidBST.cpp">
      <Filter>Source Files\Tree</Filter>
    </ClCompile>
    <ClCompile Include="swapPairs.cpp">
      <Filter>Source Files\List</Filter>
    </ClCompile>
    <ClCompile Include="preorderTraversal.cpp">
      <Filter>Source Files\Tree</Filter>
    </ClCompile>
    <ClCompile Include="sortedListToBST.cpp">
      <Filter>Source Files\Tree</Filter>
    </ClCompile>
    <ClCompile Include="isValid.cpp">
      <Filter>Source Files\String</Filter>
    </ClCompile>
    <ClCompile Include="connect.cpp">
      <Filter>Source Files\Tree</Filter>
    </ClCompile>
    <ClCompile Include="flatten.cpp">
      <Filter>Source Files\Tree</Filter>
    </ClCompile>
    <ClCompile Include="hasCycle.cpp">
      <Filter>Source Files\List</Filter>
    </ClCompile>
    <ClCompile Include="hasPathSum.cpp">
      <Filter>Source Files\Tree</Filter>
    </ClCompile>
    <ClCompile Include="lengthOfLastWord.cpp">
      <Filter>Source Files\String</Filter>
    </ClCompile>
    <ClCompile Include="maxDepth.cpp">
      <Filter>Source Files\Tree</Filter>
    </ClCompile>
    <ClCompile Include="minDepth.cpp">
      <Filter>Source Files\Tree</Filter>
    </ClCompile>
    <ClCompile Include="removeNthFromEnd.cpp">
      <Filter>Source Files\List</Filter>
    </ClCompile>
    <ClCompile Include="reverseBetween.cpp">
      <Filter>Source Files\List</Filter>
    </ClCompile>
    <ClCompile Include="rotateRight.cpp">
      <Filter>Source Files\List</Filter>
    </ClCompile>
    <ClCompile Include="twoSum.cpp">
      <Filter>Source Files\Array</Filter>
    </ClCompile>
    <ClCompile Include="reverseWords.cpp">
      <Filter>Source Files\String</Filter>
    </ClCompile>
    <ClCompile Include="buildTreeFromInorderAndPostorder.cpp">
      <Filter>Source Files\Tree</Filter>
    </ClCompile>
    <ClCompile Include="buildTreeFromPreorderAndInorder.cpp">
      <Filter>Source Files\Tree</Filter>
    </ClCompile>
    <ClCompile Include="mergeSortedArray.cpp">
      <Filter>Source Files\Array</Filter>
    </ClCompile>
    <ClCompile Include="addTwoNumbers.cpp">
      <Filter>Source Files\List</Filter>
    </ClCompile>
    <ClCompile Include="threeSum.cpp">
      <Filter>Source Files\Array</Filter>
    </ClCompile>
    <ClCompile Include="threeSumClosest.cpp">
      <Filter>Source Files\Array</Filter>
    </ClCompile>
    <ClCompile Include="titileToNumber.cpp">
      <Filter>Source Files\Math</Filter>
    </ClCompile>
    <ClCompile Include="trailingZeroes.cpp">
      <Filter>Source Files\Math</Filter>
    </ClCompile>
    <ClCompile Include="findPeakElement.cpp">
      <Filter>Source Files\Array</Filter>
    </ClCompile>
    <ClCompile Include="isPalindrome.cpp">
      <Filter>Source Files\String</Filter>
    </ClCompile>
    <ClCompile Include="isPalindromeNumber.cpp">
      <Filter>Source Files\Math</Filter>
    </ClCompile>
    <ClCompile Include="fourSum.cpp">
      <Filter>Source Files\Array</Filter>
    </ClCompile>
    <ClCompile Include="spirialOrder.cpp">
      <Filter>Source Files\Array</Filter>
    </ClCompile>
    <ClCompile Include="generateMatrix.cpp">
      <Filter>Source Files\Array</Filter>
    </ClCompile>
    <ClCompile Include="singleNumber.cpp">
      <Filter>Source Files\Bit Manipulation</Filter>
    </ClCompile>
    <ClCompile Include="searchRange.cpp">
      <Filter>Source Files\Array</Filter>
    </ClCompile>
    <ClCompile Include="searchMatrix.cpp">
      <Filter>Source Files\Array</Filter>
    </ClCompile>
    <ClCompile Include="removeElement.cpp">
      <Filter>Source Files\Array</Filter>
    </ClCompile>
    <ClCompile Include="removeDuplicates.cpp">
      <Filter>Source Files\Array</Filter>
    </ClCompile>
    <ClCompile Include="plusOne.cpp">
      <Filter>Source Files\Array</Filter>
    </ClCompile>
    <ClCompile Include="strStr.cpp">
      <Filter>Source Files\String</Filter>
    </ClCompile>
    <ClCompile Include="multiply.cpp">
      <Filter>Source Files\String</Filter>
    </ClCompile>
    <ClCompile Include="setZeroes.cpp">
      <Filter>Source Files\Array</Filter>
    </ClCompile>
    <ClCompile Include="rotate.cpp">
      <Filter>Source Files\Array</Filter>
    </ClCompile>
    <ClCompile Include="findMedianSortedArrays.cpp">
      <Filter>Source Files\Array\Binary Search</Filter>
    </ClCompile>
    <ClCompile Include="climbStairs.cpp">
      <Filter>Source Files\Dynamic Programming</Filter>
    </ClCompile>
    <ClCompile Include="search.cpp">
      <Filter>Source Files\Array\Binary Search</Filter>
    </ClCompile>
    <ClCompile Include="canCompleteCircuit.cpp">
      <Filter>Source Files\Array\Greedy</Filter>
    </ClCompile>
    <ClCompile Include="candy.cpp">
      <Filter>Source Files\Array\Greedy</Filter>
    </ClCompile>
    <ClCompile Include="canJump.cpp">
      <Filter>Source Files\Array\Greedy</Filter>
    </ClCompile>
    <ClCompile Include="atoi.cpp">
      <Filter>Source Files\String</Filter>
    </ClCompile>
    <ClCompile Include="anagrams.cpp">
      <Filter>Source Files\String</Filter>
    </ClCompile>
    <ClCompile Include="countAndSay.cpp">
      <Filter>Source Files\String</Filter>
    </ClCompile>
    <ClCompile Include="romanToInt.cpp">
      <Filter>Source Files\String</Filter>
    </ClCompile>
    <ClCompile Include="isMatch.cpp">
      <Filter>Source Files\String</Filter>
    </ClCompile>
    <ClCompile Include="longestValidParentheses.cpp">
      <Filter>Source Files\String</Filter>
    </ClCompile>
    <ClCompile Include="evalRPN.cpp">
      <Filter>Source Files\Stack</Filter>
    </ClCompile>
    <ClCompile Include="inorderTraversal.cpp">
      <Filter>Source Files\Tree</Filter>
    </ClCompile>
    <ClCompile Include="sumNumbers.cpp">
      <Filter>Source Files\Tree</Filter>
    </ClCompile>
    <ClCompile Include="pathSum.cpp">
      <Filter>Source Files\Tree</Filter>
    </ClCompile>
    <ClCompile Include="convert.cpp">
      <Filter>Source Files\String</Filter>
    </ClCompile>
    <ClCompile Include="reverse.cpp">
      <Filter>Source Files\Math</Filter>
    </ClCompile>
    <ClCompile Include="longestCommonPrefix.cpp">
      <Filter>Source Files\String</Filter>
    </ClCompile>
    <ClCompile Include="rotateArray.cpp">
      <Filter>Source Files\Array</Filter>
    </ClCompile>
    <ClCompile Include="restoreIpAddresses.cpp">
      <Filter>Source Files\String</Filter>
    </ClCompile>
    <ClCompile Include="lengthOfLongestSubstring.cpp">
      <Filter>Source Files\String</Filter>
    </ClCompile>
    <ClCompile Include="maxProfit.cpp">
      <Filter>Source Files\Array</Filter>
    </ClCompile>
    <ClCompile Include="maxArea.cpp">
      <Filter>Source Files\Array</Filter>
    </ClCompile>
    <ClCompile Include="jump.cpp">
      <Filter>Source Files\Array\Greedy</Filter>
    </ClCompile>
    <ClCompile Include="sqrt.cpp">
      <Filter>Source Files\Math</Filter>
    </ClCompile>
    <ClCompile Include="longestConsecutive.cpp">
      <Filter>Source Files\Array</Filter>
    </ClCompile>
    <ClCompile Include="getIntersectionNode.cpp">
      <Filter>Source Files\List</Filter>
    </ClCompile>
    <ClCompile Include="detectCycle.cpp">
      <Filter>Source Files\List</Filter>
    </ClCompile>
    <ClCompile Include="deleteDuplicates.cpp">
      <Filter>Source Files\List</Filter>
    </ClCompile>
    <ClCompile Include="minStack.cpp">
      <Filter>Source Files\Stack</Filter>
    </ClCompile>
    <ClCompile Include="mergeTwoLists.cpp">
      <Filter>Source Files\List</Filter>
    </ClCompile>
    <ClCompile Include="partition.cpp">
      <Filter>Source Files\List</Filter>
    </ClCompile>
    <ClCompile Include="isSymmetric.cpp">
      <Filter>Source Files\Tree</Filter>
    </ClCompile>
    <ClCompile Include="copyRandomList.cpp">
      <Filter>Source Files\List</Filter>
    </ClCompile>
    <ClCompile Include="numTrees.cpp">
      <Filter>Source Files\Tree</Filter>
    </ClCompile>
    <ClCompile Include="uniquePaths.cpp">
      <Filter>Source Files\Dynamic Programming</Filter>
    </ClCompile>
    <ClCompile Include="uniquePathsWithObstacles.cpp">
      <Filter>Source Files\Dynamic Programming</Filter>
    </ClCompile>
    <ClCompile Include="minPathSum.cpp">
      <Filter>Source Files\Dynamic Programming</Filter>
    </ClCompile>
    <ClCompile Include="numDecodings.cpp">
      <Filter>Source Files\Dynamic Programming</Filter>
    </ClCompile>
    <ClCompile Include="removeElements.cpp">
      <Filter>Source Files\List</Filter>
    </ClCompile>
    <ClCompile Include="isHappy.cpp">
      <Filter>Source Files\Math</Filter>
    </ClCompile>
    <ClCompile Include="wordBreak.cpp">
      <Filter>Source Files\Dynamic Programming</Filter>
    </ClCompile>
    <ClCompile Include="generate.cpp">
      <Filter>Source Files\Array</Filter>
    </ClCompile>
    <ClCompile Include="getRow.cpp">
      <Filter>Source Files\Array</Filter>
    </ClCompile>
    <ClCompile Include="findSubstring.cpp">
      <Filter>Source Files\String</Filter>
    </ClCompile>
    <ClCompile Include="longestPalindrome.cpp">
      <Filter>Source Files\String</Filter>
    </ClCompile>
    <ClCompile Include="compareVersion.cpp">
      <Filter>Source Files\String</Filter>
    </ClCompile>
    <ClCompile Include="rob.cpp">
      <Filter>Source Files\Dynamic Programming</Filter>
    </ClCompile>
    <ClCompile Include="nextPermutation.cpp">
      <Filter>Source Files\Array</Filter>
    </ClCompile>
    <ClCompile Include="mergeKLists.cpp">
      <Filter>Source Files\List</Filter>
    </ClCompile>
    <ClCompile Include="reorderList.cpp">
      <Filter>Source Files\List</Filter>
    </ClCompile>
    <ClCompile Include="containsDuplicate.cpp">
      <Filter>Source Files\Array</Filter>
    </ClCompile>
    <ClCompile Include="reverseList.cpp">
      <Filter>Source Files\List</Filter>
    </ClCompile>
    <ClCompile Include="containsNearbyDuplicate.cpp">
      <Filter>Source Files\Array</Filter>
    </ClCompile>
    <ClCompile Include="First Missing Positive.cpp">
      <Filter>Source Files\Array</Filter>
    </ClCompile>
    <ClCompile Include="Valid Sudokuk.cpp">
      <Filter>Source Files\Array</Filter>
    </ClCompile>
    <ClCompile Include="sortedArrayToBST.cpp">
      <Filter>Source Files\Tree</Filter>
    </ClCompile>
    <ClCompile Include="zigzagLevelOrder.cpp">
      <Filter>Source Files\Tree</Filter>
    </ClCompile>
    <ClCompile Include="postorderTraversal.cpp">
      <Filter>Source Files\Tree</Filter>
    </ClCompile>
    <ClCompile Include="levelOrder.cpp">
      <Filter>Source Files\Tree</Filter>
    </ClCompile>
    <ClCompile Include="levelOrderBottom.cpp">
      <Filter>Source Files\Tree</Filter>
    </ClCompile>
    <ClCompile Include="Maximal Square.cpp">
      <Filter>Source Files\Dynamic Programming</Filter>
    </ClCompile>
    <ClCompile Include="Minimum Size Subarray Sum.cpp">
      <Filter>Source Files\Array</Filter>
    </ClCompile>
    <ClCompile Include="Isomorphic Strings.cpp">
      <Filter>Source Files\String</Filter>
    </ClCompile>
    <ClCompile Include="Binary Tree Right Side View.cpp">
      <Filter>Source Files\Tree</Filter>
    </ClCompile>
    <ClCompile Include="Reverse Nodes in k-Group.cpp">
      <Filter>Source Files\List</Filter>
    </ClCompile>
    <ClCompile Include="Pow(x, n).cpp">
      <Filter>Source Files\Math</Filter>
    </ClCompile>
    <ClCompile Include="Majority Element.cpp">
      <Filter>Source Files\Array</Filter>
    </ClCompile>
    <ClCompile Include="Distinct Subsequences.cpp">
      <Filter>Source Files\Dynamic Programming</Filter>
    </ClCompile>
    <ClCompile Include="Edit Distance.cpp">
      <Filter>Source Files\Dynamic Programming</Filter>
    </ClCompile>
    <ClCompile Include="Interleaving String.cpp">
      <Filter>Source Files\Dynamic Programming</Filter>
    </ClCompile>
    <ClCompile Include="Minimum Window Substring.cpp">
      <Filter>Source Files\String</Filter>
    </ClCompile>
    <ClCompile Include="Triangle.cpp">
      <Filter>Source Files\Dynamic Programming</Filter>
    </ClCompile>
    <ClCompile Include="Contains Duplicate III.cpp">
      <Filter>Source Files\Array</Filter>
    </ClCompile>
    <ClCompile Include="Course Schedule.cpp">
      <Filter>Source Files\Graph</Filter>
    </ClCompile>
    <ClCompile Include="Course Schedule II.cpp">
      <Filter>Source Files\Graph</Filter>
    </ClCompile>
    <ClCompile Include="Kth Largest Element in an Array.cpp">
      <Filter>Source Files\Array</Filter>
    </ClCompile>
    <ClCompile Include="Palindrome Partitioning II.cpp">
      <Filter>Source Files\Dynamic Programming</Filter>
    </ClCompile>
    <ClCompile Include="Bitwise AND of Numbers Range.cpp">
      <Filter>Source Files\Bit Manipulation</Filter>
    </ClCompile>
    <ClCompile Include="Reverse Bits.cpp">
      <Filter>Source Files\Bit Manipulation</Filter>
    </ClCompile>
    <ClCompile Include="Invert Binary Tree.cpp">
      <Filter>Source Files\Tree</Filter>
    </ClCompile>
    <ClCompile Include="Basic Calculator.cpp">
      <Filter>Source Files\Stack</Filter>
    </ClCompile>
    <ClCompile Include="Repeated DNA Sequences.cpp">
      <Filter>Source Files\Bit Manipulation</Filter>
    </ClCompile>
    <ClCompile Include="Implement Stack using Queues.cpp">
      <Filter>Source Files\Stack</Filter>
    </ClCompile>
    <ClCompile Include="Count Primes.cpp">
      <Filter>Source Files\Math</Filter>
    </ClCompile>
    <ClCompile Include="Rectangle Area.cpp">
      <Filter>Source Files\Math</Filter>
    </ClCompile>
    <ClCompile Include="Count Complete Tree Nodes.cpp">
      <Filter>Source Files\Tree</Filter>
    </ClCompile>
    <ClCompile Include="Trapping Rain Water.cpp">
      <Filter>Source Files\Array</Filter>
    </ClCompile>
    <ClCompile Include="Fraction to Recurring Decimal.cpp">
      <Filter>Source Files\Math</Filter>
    </ClCompile>
    <ClCompile Include="Divide Two Integers.cpp">
      <Filter>Source Files\Math</Filter>
    </ClCompile>
    <ClCompile Include="LRU Cache.cpp">
      <Filter>Source Files\List</Filter>
    </ClCompile>
    <ClCompile Include="sortColors.cpp">
      <Filter>Source Files\Sort</Filter>
    </ClCompile>
    <ClCompile Include="Sort List.cpp">
      <Filter>Source Files\Sort</Filter>
    </ClCompile>
    <ClCompile Include="Merge Intervals.cpp">
      <Filter>Source Files\Sort</Filter>
    </ClCompile>
    <ClCompile Include="largestNumber.cpp">
      <Filter>Source Files\Sort</Filter>
    </ClCompile>
    <ClCompile Include="insertionSortList.cpp">
      <Filter>Source Files\Sort</Filter>
    </ClCompile>
    <ClCompile Include="insert.cpp">
      <Filter>Source Files\Sort</Filter>
    </ClCompile>
    <ClCompile Include="Recover Binary Search Tree.cpp">
      <Filter>Source Files\Tree</Filter>
    </ClCompile>
    <ClCompile Include="Clone Graph.cpp">
      <Filter>Source Files\Graph</Filter>
    </ClCompile>
    <ClCompile Include="Binary Search Tree Iterator.cpp">
      <Filter>Source Files\Tree</Filter>
    </ClCompile>
    <ClCompile Include="Maximum Gap.cpp">
      <Filter>Source Files\Sort</Filter>
    </ClCompile>
    <ClCompile Include="Simplify Path.cpp">
      <Filter>Source Files\String</Filter>
    </ClCompile>
    <ClCompile Include="Gray Code.cpp">
      <Filter>Source Files\Bit Manipulation</Filter>
    </ClCompile>
    <ClCompile Include="combinationSum.cpp">
      <Filter>Source Files\BackTracking</Filter>
    </ClCompile>
    <ClCompile Include="combinationSum2.cpp">
      <Filter>Source Files\BackTracking</Filter>
    </ClCompile>
    <ClCompile Include="combinationSum3.cpp">
      <Filter>Source Files\BackTracking</Filter>
    </ClCompile>
    <ClCompile Include="Generate Parentheses.cpp">
      <Filter>Source Files\BackTracking</Filter>
    </ClCompile>
    <ClCompile Include="letterCombinations.cpp">
      <Filter>Source Files\BackTracking</Filter>
    </ClCompile>
    <ClCompile Include="Palindrome Partitioning.cpp">
      <Filter>Source Files\BackTracking</Filter>
    </ClCompile>
    <ClCompile Include="subsets.cpp">
      <Filter>Source Files\BackTracking</Filter>
    </ClCompile>
    <ClCompile Include="subsetsWithDup.cpp">
      <Filter>Source Files\BackTracking</Filter>
    </ClCompile>
    <ClCompile Include="N-Queens.cpp">
      <Filter>Source Files\BackTracking</Filter>
    </ClCompile>
    <ClCompile Include="N-Queens II.cpp">
      <Filter>Source Files\BackTracking</Filter>
    </ClCompile>
    <ClCompile Include="Permutation Sequence.cpp">
      <Filter>Source Files\BackTracking</Filter>
    </ClCompile>
    <ClCompile Include="Permutations.cpp">
      <Filter>Source Files\BackTracking</Filter>
    </ClCompile>
    <ClCompile Include="Permutations II.cpp">
      <Filter>Source Files\BackTracking</Filter>
    </ClCompile>
    <ClCompile Include="Sudoku Solver.cpp">
      <Filter>Source Files\BackTracking</Filter>
    </ClCompile>
    <ClCompile Include="Word Search.cpp">
      <Filter>Source Files\BackTracking</Filter>
    </ClCompile>
    <ClCompile Include="Word Ladder.cpp">
      <Filter>Source Files\BackTracking</Filter>
    </ClCompile>
    <ClCompile Include="Word Ladder II.cpp">
      <Filter>Source Files\BackTracking</Filter>
    </ClCompile>
    <ClCompile Include="Valid Number.cpp">
      <Filter>Source Files\String</Filter>
    </ClCompile>
    <ClCompile Include="Integer to Roman.cpp">
      <Filter>Source Files\Math</Filter>
    </ClCompile>
    <ClCompile Include="Max Points on a Line.cpp">
      <Filter>Source Files\Math</Filter>
    </ClCompile>
    <ClCompile Include="Text Justification.cpp">
      <Filter>Source Files\String</Filter>
    </ClCompile>
    <ClCompile Include="ZigZag Conversion.cpp">
      <Filter>Source Files\String</Filter>
    </ClCompile>
    <ClCompile Include="Largest Rectangle in Histogram.cpp">
      <Filter>Source Files\Stack</Filter>
    </ClCompile>
    <ClCompile Include="Summary Ranges.cpp">
      <Filter>Source Files\Array</Filter>
    </ClCompile>
    <ClCompile Include="Power of Two.cpp">
      <Filter>Source Files\Bit Manipulation</Filter>
    </ClCompile>
    <ClCompile Include="Palindrome Linked List.cpp">
      <Filter>Source Files\List</Filter>
    </ClCompile>
    <ClCompile Include="Lowest Common Ancestor of a Binary Search Tree.cpp">
      <Filter>Source Files\Tree</Filter>
    </ClCompile>
    <ClCompile Include="Kth Smallest Element in a BST.cpp">
      <Filter>Source Files\Tree</Filter>
    </ClCompile>
    <ClCompile Include="Sliding Window Maximum.cpp">
      <Filter>Source Files\Array</Filter>
    </ClCompile>
    <ClCompile Include="Maximum Product Subarray.cpp">
      <Filter>Source Files\Dynamic Programming</Filter>
    </ClCompile>
    <ClCompile Include="Maximum Subarray.cpp">
      <Filter>Source Files\Dynamic Programming</Filter>
    </ClCompile>
    <ClCompile Include="Binary Tree Paths.cpp">
      <Filter>Source Files\Tree</Filter>
    </ClCompile>
    <ClCompile Include="Missing Number.cpp">
      <Filter>Source Files\Array</Filter>
    </ClCompile>
    <ClCompile Include="combine.cpp">
      <Filter>Source Files\BackTracking</Filter>
    </ClCompile>
    <ClCompile Include="Single Number III.cpp">
      <Filter>Source Files\Bit Manipulation</Filter>
    </ClCompile>
    <ClCompile Include="H-Index.cpp">
      <Filter>Source Files\Array</Filter>
    </ClCompile>
    <ClCompile Include="Product of Array Except Self.cpp">
      <Filter>Source Files\Array</Filter>
    </ClCompile>
    <ClCompile Include="Ugly Number.cpp">
      <Filter>Source Files\Array</Filter>
    </ClCompile>
    <ClCompile Include="Perfect Squares.cpp">
      <Filter>Source Files\Dynamic Programming</Filter>
    </ClCompile>
    <ClCompile Include="First Bad Version.cpp">
      <Filter>Source Files\Array\Binary Search</Filter>
    </ClCompile>
    <ClCompile Include="Word Search II.cpp">
      <Filter>Source Files\BackTracking</Filter>
    </ClCompile>
    <ClCompile Include="Implement Trie (Prefix Tree).cpp">
      <Filter>Source Files\Tree</Filter>
    </ClCompile>
    <ClCompile Include="Add and Search Word - Data structure design.cpp">
      <Filter>Source Files\Tree</Filter>
    </ClCompile>
    <ClCompile Include="Move Zeroes.cpp">
      <Filter>Source Files\Array</Filter>
    </ClCompile>
    <ClCompile Include="Decode Ways.cpp">
      <Filter>Source Files\Dynamic Programming</Filter>
    </ClCompile>
    <ClCompile Include="Single Number II.cpp">
      <Filter>Source Files\Bit Manipulation</Filter>
    </ClCompile>
    <ClCompile Include="Endianness.cpp">
      <Filter>Source Files\Bit Manipulation</Filter>
    </ClCompile>
    <ClCompile Include="Number of 1 Bits.cpp">
      <Filter>Source Files\Bit Manipulation</Filter>
    </ClCompile>
    <ClCompile Include="Add Binary.cpp">
      <Filter>Source Files\String</Filter>
    </ClCompile>
    <ClCompile Include="Flowing Water.cpp">
      <Filter>Source Files\BackTracking</Filter>
    </ClCompile>
    <ClCompile Include="Is Sparse.cpp">
      <Filter>Source Files\Bit Manipulation</Filter>
    </ClCompile>
    <ClCompile Include="Smallest Character.cpp">
      <Filter>Source Files\Array\Binary Search</Filter>
    </ClCompile>
    <ClCompile Include="Binary Tree Maximum Path Sum.cpp">
      <Filter>Source Files\Tree</Filter>
    </ClCompile>
    <ClCompile Include="findMin.cpp">
      <Filter>Source Files\Array\Binary Search</Filter>
    </ClCompile>
    <ClCompile Include="searchInsert.cpp">
      <Filter>Source Files\Array\Binary Search</Filter>
    </ClCompile>
  </ItemGroup>
  <ItemGroup>
    <ClInclude Include="TreeNode.h">
      <Filter>Header Files</Filter>
    </ClInclude>
  </ItemGroup>
</Project>