<?xml version="1.0" encoding="utf-8"?>
<Project ToolsVersion="4.0" xmlns="http://schemas.microsoft.com/developer/msbuild/2003">
  <ItemGroup>
    <Filter Include="Source Files">
      <UniqueIdentifier>{4FC737F1-C7A5-4376-A066-2A32D752A2FF}</UniqueIdentifier>
      <Extensions>cpp;c;cc;cxx;def;odl;idl;hpj;bat;asm;asmx</Extensions>
    </Filter>
    <Filter Include="Header Files">
      <UniqueIdentifier>{93995380-89BD-4b04-88EB-625FBE52EBFB}</UniqueIdentifier>
      <Extensions>h;hh;hpp;hxx;hm;inl;inc;xsd</Extensions>
    </Filter>
    <Filter Include="Resource Files">
      <UniqueIdentifier>{67DA6AB6-F800-4c08-8B7A-83BB121AAD01}</UniqueIdentifier>
      <Extensions>rc;ico;cur;bmp;dlg;rc2;rct;bin;rgs;gif;jpg;jpeg;jpe;resx;tiff;tif;png;wav;mfcribbon-ms</Extensions>
    </Filter>
    <Filter Include="Source Files\Tree">
      <UniqueIdentifier>{f6b1dea4-545d-424d-88be-e4c9744d1d16}</UniqueIdentifier>
    </Filter>
    <Filter Include="Source Files\List">
      <UniqueIdentifier>{8d1f4d53-f8f9-44f7-b266-bf9af4666ac2}</UniqueIdentifier>
    </Filter>
    <Filter Include="Source Files\String">
      <UniqueIdentifier>{d4663687-36db-47ad-991e-7b35c0c66753}</UniqueIdentifier>
    </Filter>
    <Filter Include="Source Files\Array">
      <UniqueIdentifier>{1156e2c0-23a7-459f-b11e-cd4f828a2280}</UniqueIdentifier>
    </Filter>
    <Filter Include="Source Files\Math">
      <UniqueIdentifier>{e70e4675-3919-4a94-a1db-d7f81dc642d5}</UniqueIdentifier>
    </Filter>
    <Filter Include="Source Files\Bit Manipulation">
      <UniqueIdentifier>{20e5830a-1889-485e-b7ee-4d16aa1cf909}</UniqueIdentifier>
    </Filter>
  </ItemGroup>
  <ItemGroup>
    <ClCompile Include="isBalanced.cpp">
      <Filter>Source Files\Tree</Filter>
    </ClCompile>
    <ClCompile Include="isSameTree.cpp">
      <Filter>Source Files\Tree</Filter>
    </ClCompile>
    <ClCompile Include="isValidBST.cpp">
      <Filter>Source Files\Tree</Filter>
    </ClCompile>
    <ClCompile Include="swapPairs.cpp">
      <Filter>Source Files\List</Filter>
    </ClCompile>
    <ClCompile Include="preorderTraversal.cpp">
      <Filter>Source Files\Tree</Filter>
    </ClCompile>
    <ClCompile Include="sortedListToBST.cpp">
      <Filter>Source Files\Tree</Filter>
    </ClCompile>
    <ClCompile Include="isValid.cpp">
      <Filter>Source Files\String</Filter>
    </ClCompile>
    <ClCompile Include="numDecodings.cpp">
      <Filter>Source Files\String</Filter>
    </ClCompile>
    <ClCompile Include="permute.cpp">
      <Filter>Source Files</Filter>
    </ClCompile>
    <ClCompile Include="connect.cpp">
      <Filter>Source Files\Tree</Filter>
    </ClCompile>
    <ClCompile Include="flatten.cpp">
      <Filter>Source Files\Tree</Filter>
    </ClCompile>
    <ClCompile Include="hasCycle.cpp">
      <Filter>Source Files\List</Filter>
    </ClCompile>
    <ClCompile Include="hasPathSum.cpp">
      <Filter>Source Files\Tree</Filter>
    </ClCompile>
    <ClCompile Include="lengthOfLastWord.cpp">
      <Filter>Source Files\String</Filter>
    </ClCompile>
    <ClCompile Include="maxDepth.cpp">
      <Filter>Source Files\Tree</Filter>
    </ClCompile>
    <ClCompile Include="minDepth.cpp">
      <Filter>Source Files\Tree</Filter>
    </ClCompile>
    <ClCompile Include="removeNthFromEnd.cpp">
      <Filter>Source Files\List</Filter>
    </ClCompile>
    <ClCompile Include="reverseBetween.cpp">
      <Filter>Source Files\List</Filter>
    </ClCompile>
    <ClCompile Include="rotateRight.cpp">
      <Filter>Source Files\List</Filter>
    </ClCompile>
    <ClCompile Include="search.cpp">
      <Filter>Source Files\Array</Filter>
    </ClCompile>
    <ClCompile Include="twoSum.cpp">
      <Filter>Source Files\Array</Filter>
    </ClCompile>
    <ClCompile Include="sortedArrayToBST.cpp">
      <Filter>Source Files\Array</Filter>
    </ClCompile>
    <ClCompile Include="sortColors.cpp">
      <Filter>Source Files\Array</Filter>
    </ClCompile>
    <ClCompile Include="searchInsert.cpp">
      <Filter>Source Files\Array</Filter>
    </ClCompile>
    <ClCompile Include="reverseWords.cpp">
      <Filter>Source Files\String</Filter>
    </ClCompile>
    <ClCompile Include="buildTreeFromInorderAndPostorder.cpp">
      <Filter>Source Files\Tree</Filter>
    </ClCompile>
    <ClCompile Include="buildTreeFromPreorderAndInorder.cpp">
      <Filter>Source Files\Tree</Filter>
    </ClCompile>
    <ClCompile Include="mergeSortedArray.cpp">
      <Filter>Source Files\Array</Filter>
    </ClCompile>
    <ClCompile Include="generate.cpp">
      <Filter>Source Files</Filter>
    </ClCompile>
    <ClCompile Include="addTwoNumbers.cpp">
      <Filter>Source Files\List</Filter>
    </ClCompile>
    <ClCompile Include="letterCombinations.cpp">
      <Filter>Source Files\String</Filter>
    </ClCompile>
    <ClCompile Include="insert.cpp">
      <Filter>Source Files\Array</Filter>
    </ClCompile>
    <ClCompile Include="threeSum.cpp">
      <Filter>Source Files\Array</Filter>
    </ClCompile>
    <ClCompile Include="threeSumClosest.cpp">
      <Filter>Source Files\Array</Filter>
    </ClCompile>
    <ClCompile Include="combine.cpp">
      <Filter>Source Files\Array</Filter>
    </ClCompile>
    <ClCompile Include="getPermutation.cpp">
      <Filter>Source Files\Array</Filter>
    </ClCompile>
    <ClCompile Include="maxPathSum.cpp">
      <Filter>Source Files</Filter>
    </ClCompile>
    <ClCompile Include="titileToNumber.cpp">
      <Filter>Source Files\Math</Filter>
    </ClCompile>
    <ClCompile Include="trailingZeroes.cpp">
      <Filter>Source Files\Math</Filter>
    </ClCompile>
    <ClCompile Include="findPeakElement.cpp">
      <Filter>Source Files\Array</Filter>
    </ClCompile>
    <ClCompile Include="findMin.cpp">
      <Filter>Source Files\Array</Filter>
    </ClCompile>
    <ClCompile Include="isPalindrome.cpp">
      <Filter>Source Files\String</Filter>
    </ClCompile>
    <ClCompile Include="isPalindromeNumber.cpp">
      <Filter>Source Files\Math</Filter>
    </ClCompile>
    <ClCompile Include="canJump.cpp">
      <Filter>Source Files\Array</Filter>
    </ClCompile>
    <ClCompile Include="fourSum.cpp">
      <Filter>Source Files\Array</Filter>
    </ClCompile>
    <ClCompile Include="spirialOrder.cpp">
      <Filter>Source Files\Array</Filter>
    </ClCompile>
    <ClCompile Include="generateMatrix.cpp">
      <Filter>Source Files\Array</Filter>
    </ClCompile>
    <ClCompile Include="singleNumber.cpp">
      <Filter>Source Files\Bit Manipulation</Filter>
    </ClCompile>
    <ClCompile Include="searchRange.cpp">
      <Filter>Source Files\Array</Filter>
    </ClCompile>
    <ClCompile Include="searchMatrix.cpp">
      <Filter>Source Files\Array</Filter>
    </ClCompile>
    <ClCompile Include="firstMissingPositive.cpp">
      <Filter>Source Files\Array</Filter>
    </ClCompile>
    <ClCompile Include="removeElement.cpp">
      <Filter>Source Files\Array</Filter>
    </ClCompile>
    <ClCompile Include="removeDuplicates.cpp">
      <Filter>Source Files\Array</Filter>
    </ClCompile>
    <ClCompile Include="plusOne.cpp">
      <Filter>Source Files\Array</Filter>
    </ClCompile>
    <ClCompile Include="merge.cpp">
      <Filter>Source Files\Array</Filter>
    </ClCompile>
    <ClCompile Include="combinationSum.cpp">
      <Filter>Source Files\Array</Filter>
    </ClCompile>
    <ClCompile Include="addBinary.cpp">
      <Filter>Source Files\String</Filter>
    </ClCompile>
    <ClCompile Include="strStr.cpp">
      <Filter>Source Files\String</Filter>
    </ClCompile>
    <ClCompile Include="multiply.cpp">
      <Filter>Source Files\String</Filter>
    </ClCompile>
    <ClCompile Include="subsets.cpp">
      <Filter>Source Files\Array</Filter>
    </ClCompile>
    <ClCompile Include="setZeroes.cpp">
      <Filter>Source Files\Array</Filter>
    </ClCompile>
  </ItemGroup>
  <ItemGroup>
    <ClInclude Include="TreeNode.h">
      <Filter>Header Files</Filter>
    </ClInclude>
  </ItemGroup>
</Project>